
Microsoft Visual Studio Solution File, Format Version 12.00
# Visual Studio Version 16
VisualStudioVersion = 16.0.30907.101
MinimumVisualStudioVersion = 10.0.40219.1
Project("{FAE04EC0-301F-11D3-BF4B-00C04F79EFBC}") = "lab2_5", "lab2_5\lab2_5.csproj", "{118BFC15-29B9-4B84-92CA-09E8418BA8B2}"
EndProject
Global
	GlobalSection(SolutionConfigurationPlatforms) = preSolution
		Debug|Any CPU = Debug|Any CPU
		Release|Any CPU = Release|Any CPU
	EndGlobalSection
	GlobalSection(ProjectConfigurationPlatforms) = postSolution
		{118BFC15-29B9-4B84-92CA-09E8418BA8B2}.Debug|Any CPU.ActiveCfg = Debug|Any CPU
		{118BFC15-29B9-4B84-92CA-09E8418BA8B2}.Debug|Any CPU.Build.0 = Debug|Any CPU
		{118BFC15-29B9-4B84-92CA-09E8418BA8B2}.Release|Any CPU.ActiveCfg = Release|Any CPU
		{118BFC15-29B9-4B84-92CA-09E8418BA8B2}.Release|Any CPU.Build.0 = Release|Any CPU
	EndGlobalSection
	GlobalSection(SolutionProperties) = preSolution
		HideSolutionNode = FALSE
	EndGlobalSection
	GlobalSection(ExtensibilityGlobals) = postSolution
		SolutionGuid = {D23A76EC-991F-443E-A2F5-03AC28A8B0FC}
	EndGlobalSection
EndGlobal
