
Microsoft Visual Studio Solution File, Format Version 12.00
# Visual Studio Version 16
VisualStudioVersion = 16.0.30907.101
MinimumVisualStudioVersion = 10.0.40219.1
Project("{FAE04EC0-301F-11D3-BF4B-00C04F79EFBC}") = "lab4_4", "lab4_4\lab4_4.csproj", "{684F4C5F-B41A-48B2-94A3-1F5B88B33F6A}"
EndProject
Global
	GlobalSection(SolutionConfigurationPlatforms) = preSolution
		Debug|Any CPU = Debug|Any CPU
		Release|Any CPU = Release|Any CPU
	EndGlobalSection
	GlobalSection(ProjectConfigurationPlatforms) = postSolution
		{684F4C5F-B41A-48B2-94A3-1F5B88B33F6A}.Debug|Any CPU.ActiveCfg = Debug|Any CPU
		{684F4C5F-B41A-48B2-94A3-1F5B88B33F6A}.Debug|Any CPU.Build.0 = Debug|Any CPU
		{684F4C5F-B41A-48B2-94A3-1F5B88B33F6A}.Release|Any CPU.ActiveCfg = Release|Any CPU
		{684F4C5F-B41A-48B2-94A3-1F5B88B33F6A}.Release|Any CPU.Build.0 = Release|Any CPU
	EndGlobalSection
	GlobalSection(SolutionProperties) = preSolution
		HideSolutionNode = FALSE
	EndGlobalSection
	GlobalSection(ExtensibilityGlobals) = postSolution
		SolutionGuid = {91513B66-990D-4966-9D52-4985E7338013}
	EndGlobalSection
EndGlobal
