
Microsoft Visual Studio Solution File, Format Version 12.00
# Visual Studio Version 16
VisualStudioVersion = 16.0.31911.196
MinimumVisualStudioVersion = 10.0.40219.1
Project("{FAE04EC0-301F-11D3-BF4B-00C04F79EFBC}") = "lab6_3", "lab6_3\lab6_3.csproj", "{49B5109A-7A76-4BDA-B0F5-D75CB1D7AE30}"
EndProject
Global
	GlobalSection(SolutionConfigurationPlatforms) = preSolution
		Debug|Any CPU = Debug|Any CPU
		Release|Any CPU = Release|Any CPU
	EndGlobalSection
	GlobalSection(ProjectConfigurationPlatforms) = postSolution
		{49B5109A-7A76-4BDA-B0F5-D75CB1D7AE30}.Debug|Any CPU.ActiveCfg = Debug|Any CPU
		{49B5109A-7A76-4BDA-B0F5-D75CB1D7AE30}.Debug|Any CPU.Build.0 = Debug|Any CPU
		{49B5109A-7A76-4BDA-B0F5-D75CB1D7AE30}.Release|Any CPU.ActiveCfg = Release|Any CPU
		{49B5109A-7A76-4BDA-B0F5-D75CB1D7AE30}.Release|Any CPU.Build.0 = Release|Any CPU
	EndGlobalSection
	GlobalSection(SolutionProperties) = preSolution
		HideSolutionNode = FALSE
	EndGlobalSection
	GlobalSection(ExtensibilityGlobals) = postSolution
		SolutionGuid = {99F9F73E-8359-4450-83C5-DCFB5C345B98}
	EndGlobalSection
EndGlobal
